
Microsoft Visual Studio Solution File, Format Version 12.00
# Visual Studio Version 17
VisualStudioVersion = 17.10.35027.167
MinimumVisualStudioVersion = 10.0.40219.1
Project("{FAE04EC0-301F-11D3-BF4B-00C04F79EFBC}") = "CrossNet", "CrossNet\CrossNet.csproj", "{B99462B2-3E0A-4AE8-B070-78197FFB269C}"
EndProject
Project("{FAE04EC0-301F-11D3-BF4B-00C04F79EFBC}") = "CrossNet.Testing", "CrossNet.Testing\CrossNet.Testing.csproj", "{3CEFD45F-8A97-491A-B7C6-A809062090DD}"
EndProject
Project("{2150E333-8FDC-42A3-9474-1A3956D46DE8}") = "Solution Items", "Solution Items", "{5C1C9299-413C-4B1A-A863-15EE844D1AB0}"
	ProjectSection(SolutionItems) = preProject
		.editorconfig = .editorconfig
	EndProjectSection
EndProject
Project("{FAE04EC0-301F-11D3-BF4B-00C04F79EFBC}") = "CrossNetServerDummy", "CrossNetServerDummy\CrossNetServerDummy.csproj", "{34C0E3B6-7CF2-40E8-A3AB-F27C06E08512}"
EndProject
Project("{FAE04EC0-301F-11D3-BF4B-00C04F79EFBC}") = "CrossNetClientDummy", "CrossNetClientDummy\CrossNetClientDummy.csproj", "{6D068B02-5BC5-44CB-BE8B-9D87AC0D095D}"
EndProject
Global
	GlobalSection(SolutionConfigurationPlatforms) = preSolution
		Debug|Any CPU = Debug|Any CPU
		Release|Any CPU = Release|Any CPU
	EndGlobalSection
	GlobalSection(ProjectConfigurationPlatforms) = postSolution
		{B99462B2-3E0A-4AE8-B070-78197FFB269C}.Debug|Any CPU.ActiveCfg = Debug|Any CPU
		{B99462B2-3E0A-4AE8-B070-78197FFB269C}.Debug|Any CPU.Build.0 = Debug|Any CPU
		{B99462B2-3E0A-4AE8-B070-78197FFB269C}.Release|Any CPU.ActiveCfg = Release|Any CPU
		{B99462B2-3E0A-4AE8-B070-78197FFB269C}.Release|Any CPU.Build.0 = Release|Any CPU
		{3CEFD45F-8A97-491A-B7C6-A809062090DD}.Debug|Any CPU.ActiveCfg = Debug|Any CPU
		{3CEFD45F-8A97-491A-B7C6-A809062090DD}.Debug|Any CPU.Build.0 = Debug|Any CPU
		{3CEFD45F-8A97-491A-B7C6-A809062090DD}.Release|Any CPU.ActiveCfg = Release|Any CPU
		{3CEFD45F-8A97-491A-B7C6-A809062090DD}.Release|Any CPU.Build.0 = Release|Any CPU
		{34C0E3B6-7CF2-40E8-A3AB-F27C06E08512}.Debug|Any CPU.ActiveCfg = Debug|Any CPU
		{34C0E3B6-7CF2-40E8-A3AB-F27C06E08512}.Debug|Any CPU.Build.0 = Debug|Any CPU
		{34C0E3B6-7CF2-40E8-A3AB-F27C06E08512}.Release|Any CPU.ActiveCfg = Release|Any CPU
		{34C0E3B6-7CF2-40E8-A3AB-F27C06E08512}.Release|Any CPU.Build.0 = Release|Any CPU
		{6D068B02-5BC5-44CB-BE8B-9D87AC0D095D}.Debug|Any CPU.ActiveCfg = Debug|Any CPU
		{6D068B02-5BC5-44CB-BE8B-9D87AC0D095D}.Debug|Any CPU.Build.0 = Debug|Any CPU
		{6D068B02-5BC5-44CB-BE8B-9D87AC0D095D}.Release|Any CPU.ActiveCfg = Release|Any CPU
		{6D068B02-5BC5-44CB-BE8B-9D87AC0D095D}.Release|Any CPU.Build.0 = Release|Any CPU
	EndGlobalSection
	GlobalSection(SolutionProperties) = preSolution
		HideSolutionNode = FALSE
	EndGlobalSection
	GlobalSection(ExtensibilityGlobals) = postSolution
		SolutionGuid = {60840541-6D3F-4ADA-94E5-E1512747284D}
	EndGlobalSection
EndGlobal
